{
  "name": "jiu-order",
  "version": "1.0.0",
  "lockfileVersion": 3,
  "requires": true,
  "packages": {
    "": {
      "name": "jiu-order",
      "version": "1.0.0",
      "dependencies": {
        "dotenv": "^16.4.5"
      },
      "devDependencies": {
        "@cloudbase/cli": "^3.5.7"
      }
    },
    "node_modules/@cloudbase/cli": {
      "version": "3.5.7",
      "resolved": "https://registry.npmmirror.com/@cloudbase/cli/-/cli-3.5.7.tgz",
      "integrity": "sha512-AX8NMAEXiNLEHKRnKDitkNxTzoz1Z+kOl6nOmfvbBfsRy95PEDJugagD5hM2/XkYoP8f77kEpCB0X6p+ZSRR2A==",
      "dev": true,
      "license": "ISC",
      "bin": {
        "cloudbase": "bin/cloudbase",
        "cloudbase-mcp": "bin/cloudbase-mcp",
        "tcb": "bin/tcb"
      }
    },
    "node_modules/dotenv": {
      "version": "16.6.1",
      "resolved": "https://registry.npmmirror.com/dotenv/-/dotenv-16.6.1.tgz",
      "integrity": "sha512-uBq4egWHTcTt33a72vpSG0z3HnPuIl6NqYcTrKEg2azoEyl2hpW0zqlxysq2pK9HlDIHyHyakeYaYnSAwd8bow==",
      "license": "BSD-2-Clause",
      "engines": {
        "node": ">=12"
      },
      "funding": {
        "url": "https://dotenvx.com"
      }
    }
  }
}
